
Microsoft Visual Studio Solution File, Format Version 12.00
# Visual Studio Version 16
VisualStudioVersion = 16.0.31702.278
MinimumVisualStudioVersion = 10.0.40219.1
Project("{FAE04EC0-301F-11D3-BF4B-00C04F79EFBC}") = "FirstTask", "FirstTask\FirstTask.csproj", "{1110FAF3-74D7-4079-BC5D-3B3CD6BB5C36}"
EndProject
Project("{FAE04EC0-301F-11D3-BF4B-00C04F79EFBC}") = "SecondTask", "SecondTask\SecondTask.csproj", "{0CAF252E-5F91-42EC-B5B8-CAC1C3E50FEC}"
EndProject
Global
	GlobalSection(SolutionConfigurationPlatforms) = preSolution
		Debug|Any CPU = Debug|Any CPU
		Release|Any CPU = Release|Any CPU
	EndGlobalSection
	GlobalSection(ProjectConfigurationPlatforms) = postSolution
		{1110FAF3-74D7-4079-BC5D-3B3CD6BB5C36}.Debug|Any CPU.ActiveCfg = Debug|Any CPU
		{1110FAF3-74D7-4079-BC5D-3B3CD6BB5C36}.Debug|Any CPU.Build.0 = Debug|Any CPU
		{1110FAF3-74D7-4079-BC5D-3B3CD6BB5C36}.Release|Any CPU.ActiveCfg = Release|Any CPU
		{1110FAF3-74D7-4079-BC5D-3B3CD6BB5C36}.Release|Any CPU.Build.0 = Release|Any CPU
		{0CAF252E-5F91-42EC-B5B8-CAC1C3E50FEC}.Debug|Any CPU.ActiveCfg = Debug|Any CPU
		{0CAF252E-5F91-42EC-B5B8-CAC1C3E50FEC}.Debug|Any CPU.Build.0 = Debug|Any CPU
		{0CAF252E-5F91-42EC-B5B8-CAC1C3E50FEC}.Release|Any CPU.ActiveCfg = Release|Any CPU
		{0CAF252E-5F91-42EC-B5B8-CAC1C3E50FEC}.Release|Any CPU.Build.0 = Release|Any CPU
	EndGlobalSection
	GlobalSection(SolutionProperties) = preSolution
		HideSolutionNode = FALSE
	EndGlobalSection
	GlobalSection(ExtensibilityGlobals) = postSolution
		SolutionGuid = {8793E466-EE90-49B3-B4E2-38D3F5B4ABE4}
	EndGlobalSection
EndGlobal
